// !$*UTF8*$!
{
	archiveVersion = 1;
	classes = {
	};
	objectVersion = 50;
	objects = {

/* Begin PBXBuildFile section */
		77676EB82680D50500AEF652 /* main.cpp in Sources */ = {isa = PBXBuildFile; fileRef = 77676EB72680D50500AEF652 /* main.cpp */; };
		77676EC126813BB500AEF652 /* snack.cpp in Sources */ = {isa = PBXBuildFile; fileRef = 77676EC026813BB500AEF652 /* snack.cpp */; };
		77676EC626813D1800AEF652 /* snackslot.cpp in Sources */ = {isa = PBXBuildFile; fileRef = 77676EC526813D1800AEF652 /* snackslot.cpp */; };
		77676ECB26813DAD00AEF652 /* vendingmachine.cpp in Sources */ = {isa = PBXBuildFile; fileRef = 77676ECA26813DAD00AEF652 /* vendingmachine.cpp */; };
/* End PBXBuildFile section */

/* Begin PBXCopyFilesBuildPhase section */
		77676EB22680D50500AEF652 /* CopyFiles */ = {
			isa = PBXCopyFilesBuildPhase;
			buildActionMask = 2147483647;
			dstPath = /usr/share/man/man1/;
			dstSubfolderSpec = 0;
			files = (
			);
			runOnlyForDeploymentPostprocessing = 1;
		};
/* End PBXCopyFilesBuildPhase section */

/* Begin PBXFileReference section */
		77676EB42680D50500AEF652 /* Module5-9 */ = {isa = PBXFileReference; explicitFileType = "compiled.mach-o.executable"; includeInIndex = 0; path = "Module5-9"; sourceTree = BUILT_PRODUCTS_DIR; };
		77676EB72680D50500AEF652 /* main.cpp */ = {isa = PBXFileReference; lastKnownFileType = sourcecode.cpp.cpp; path = main.cpp; sourceTree = "<group>"; };
		77676EBF26813B9900AEF652 /* snack.h */ = {isa = PBXFileReference; lastKnownFileType = sourcecode.c.h; path = snack.h; sourceTree = "<group>"; };
		77676EC026813BB500AEF652 /* snack.cpp */ = {isa = PBXFileReference; lastKnownFileType = sourcecode.cpp.cpp; path = snack.cpp; sourceTree = "<group>"; };
		77676EC426813CFD00AEF652 /* snackslot.h */ = {isa = PBXFileReference; lastKnownFileType = sourcecode.c.h; path = snackslot.h; sourceTree = "<group>"; };
		77676EC526813D1800AEF652 /* snackslot.cpp */ = {isa = PBXFileReference; lastKnownFileType = sourcecode.cpp.cpp; path = snackslot.cpp; sourceTree = "<group>"; };
		77676EC926813D9D00AEF652 /* vendingmachine.h */ = {isa = PBXFileReference; lastKnownFileType = sourcecode.c.h; path = vendingmachine.h; sourceTree = "<group>"; };
		77676ECA26813DAD00AEF652 /* vendingmachine.cpp */ = {isa = PBXFileReference; lastKnownFileType = sourcecode.cpp.cpp; path = vendingmachine.cpp; sourceTree = "<group>"; };
		77E4772E298EF91F00C198EF /* Readme.md */ = {isa = PBXFileReference; lastKnownFileType = net.daringfireball.markdown; path = Readme.md; sourceTree = "<group>"; };
/* End PBXFileReference section */

/* Begin PBXFrameworksBuildPhase section */
		77676EB12680D50500AEF652 /* Frameworks */ = {
			isa = PBXFrameworksBuildPhase;
			buildActionMask = 2147483647;
			files = (
			);
			runOnlyForDeploymentPostprocessing = 0;
		};
/* End PBXFrameworksBuildPhase section */

/* Begin PBXGroup section */
		77676EAB2680D50500AEF652 = {
			isa = PBXGroup;
			children = (
				77E4772E298EF91F00C198EF /* Readme.md */,
				77676EB62680D50500AEF652 /* Module5-9 */,
				77676EB52680D50500AEF652 /* Products */,
			);
			sourceTree = "<group>";
		};
		77676EB52680D50500AEF652 /* Products */ = {
			isa = PBXGroup;
			children = (
				77676EB42680D50500AEF652 /* Module5-9 */,
			);
			name = Products;
			sourceTree = "<group>";
		};
		77676EB62680D50500AEF652 /* Module5-9 */ = {
			isa = PBXGroup;
			children = (
				77676EB72680D50500AEF652 /* main.cpp */,
				77676EC926813D9D00AEF652 /* vendingmachine.h */,
				77676ECA26813DAD00AEF652 /* vendingmachine.cpp */,
				77676EC426813CFD00AEF652 /* snackslot.h */,
				77676EC526813D1800AEF652 /* snackslot.cpp */,
				77676EBF26813B9900AEF652 /* snack.h */,
				77676EC026813BB500AEF652 /* snack.cpp */,
			);
			path = "Module5-9";
			sourceTree = "<group>";
		};
/* End PBXGroup section */

/* Begin PBXNativeTarget section */
		77676EB32680D50500AEF652 /* Module5-9 */ = {
			isa = PBXNativeTarget;
			buildConfigurationList = 77676EBB2680D50500AEF652 /* Build configuration list for PBXNativeTarget "Module5-9" */;
			buildPhases = (
				77676EB02680D50500AEF652 /* Sources */,
				77676EB12680D50500AEF652 /* Frameworks */,
				77676EB22680D50500AEF652 /* CopyFiles */,
			);
			buildRules = (
			);
			dependencies = (
			);
			name = "Module5-9";
			productName = "Module5-9";
			productReference = 77676EB42680D50500AEF652 /* Module5-9 */;
			productType = "com.apple.product-type.tool";
		};
/* End PBXNativeTarget section */

/* Begin PBXProject section */
		77676EAC2680D50500AEF652 /* Project object */ = {
			isa = PBXProject;
			attributes = {
				LastUpgradeCheck = 1230;
				TargetAttributes = {
					77676EB32680D50500AEF652 = {
						CreatedOnToolsVersion = 12.3;
					};
				};
			};
			buildConfigurationList = 77676EAF2680D50500AEF652 /* Build configuration list for PBXProject "Module5-9" */;
			compatibilityVersion = "Xcode 9.3";
			developmentRegion = en;
			hasScannedForEncodings = 0;
			knownRegions = (
				en,
				Base,
			);
			mainGroup = 77676EAB2680D50500AEF652;
			productRefGroup = 77676EB52680D50500AEF652 /* Products */;
			projectDirPath = "";
			projectRoot = "";
			targets = (
				77676EB32680D50500AEF652 /* Module5-9 */,
			);
		};
/* End PBXProject section */

/* Begin PBXSourcesBuildPhase section */
		77676EB02680D50500AEF652 /* Sources */ = {
			isa = PBXSourcesBuildPhase;
			buildActionMask = 2147483647;
			files = (
				77676EC126813BB500AEF652 /* snack.cpp in Sources */,
				77676EB82680D50500AEF652 /* main.cpp in Sources */,
				77676EC626813D1800AEF652 /* snackslot.cpp in Sources */,
				77676ECB26813DAD00AEF652 /* vendingmachine.cpp in Sources */,
			);
			runOnlyForDeploymentPostprocessing = 0;
		};
/* End PBXSourcesBuildPhase section */

/* Begin XCBuildConfiguration section */
		77676EB92680D50500AEF652 /* Debug */ = {
			isa = XCBuildConfiguration;
			buildSettings = {
				ALWAYS_SEARCH_USER_PATHS = NO;
				CLANG_ANALYZER_NONNULL = YES;
				CLANG_ANALYZER_NUMBER_OBJECT_CONVERSION = YES_AGGRESSIVE;
				CLANG_CXX_LANGUAGE_STANDARD = "gnu++14";
				CLANG_CXX_LIBRARY = "libc++";
				CLANG_ENABLE_MODULES = YES;
				CLANG_ENABLE_OBJC_ARC = YES;
				CLANG_ENABLE_OBJC_WEAK = YES;
				CLANG_WARN_BLOCK_CAPTURE_AUTORELEASING = YES;
				CLANG_WARN_BOOL_CONVERSION = YES;
				CLANG_WARN_COMMA = YES;
				CLANG_WARN_CONSTANT_CONVERSION = YES;
				CLANG_WARN_DEPRECATED_OBJC_IMPLEMENTATIONS = YES;
				CLANG_WARN_DIRECT_OBJC_ISA_USAGE = YES_ERROR;
				CLANG_WARN_DOCUMENTATION_COMMENTS = YES;
				CLANG_WARN_EMPTY_BODY = YES;
				CLANG_WARN_ENUM_CONVERSION = YES;
				CLANG_WARN_INFINITE_RECURSION = YES;
				CLANG_WARN_INT_CONVERSION = YES;
				CLANG_WARN_NON_LITERAL_NULL_CONVERSION = YES;
				CLANG_WARN_OBJC_IMPLICIT_RETAIN_SELF = YES;
				CLANG_WARN_OBJC_LITERAL_CONVERSION = YES;
				CLANG_WARN_OBJC_ROOT_CLASS = YES_ERROR;
				CLANG_WARN_QUOTED_INCLUDE_IN_FRAMEWORK_HEADER = YES;
				CLANG_WARN_RANGE_LOOP_ANALYSIS = YES;
				CLANG_WARN_STRICT_PROTOTYPES = YES;
				CLANG_WARN_SUSPICIOUS_MOVE = YES;
				CLANG_WARN_UNGUARDED_AVAILABILITY = YES_AGGRESSIVE;
				CLANG_WARN_UNREACHABLE_CODE = YES;
				CLANG_WARN__DUPLICATE_METHOD_MATCH = YES;
				COPY_PHASE_STRIP = NO;
				DEBUG_INFORMATION_FORMAT = dwarf;
				ENABLE_STRICT_OBJC_MSGSEND = YES;
				ENABLE_TESTABILITY = YES;
				GCC_C_LANGUAGE_STANDARD = gnu11;
				GCC_DYNAMIC_NO_PIC = NO;
				GCC_NO_COMMON_BLOCKS = YES;
				GCC_OPTIMIZATION_LEVEL = 0;
				GCC_PREPROCESSOR_DEFINITIONS = (
					"DEBUG=1",
					"$(inherited)",
				);
				GCC_WARN_64_TO_32_BIT_CONVERSION = YES;
				GCC_WARN_ABOUT_RETURN_TYPE = YES_ERROR;
				GCC_WARN_UNDECLARED_SELECTOR = YES;
				GCC_WARN_UNINITIALIZED_AUTOS = YES_AGGRESSIVE;
				GCC_WARN_UNUSED_FUNCTION = YES;
				GCC_WARN_UNUSED_VARIABLE = YES;
				MACOSX_DEPLOYMENT_TARGET = 11.1;
				MTL_ENABLE_DEBUG_INFO = INCLUDE_SOURCE;
				MTL_FAST_MATH = YES;
				ONLY_ACTIVE_ARCH = YES;
				SDKROOT = macosx;
			};
			name = Debug;
		};
		77676EBA2680D50500AEF652 /* Release */ = {
			isa = XCBuildConfiguration;
			buildSettings = {
				ALWAYS_SEARCH_USER_PATHS = NO;
				CLANG_ANALYZER_NONNULL = YES;
				CLANG_ANALYZER_NUMBER_OBJECT_CONVERSION = YES_AGGRESSIVE;
				CLANG_CXX_LANGUAGE_STANDARD = "gnu++14";
				CLANG_CXX_LIBRARY = "libc++";
				CLANG_ENABLE_MODULES = YES;
				CLANG_ENABLE_OBJC_ARC = YES;
				CLANG_ENABLE_OBJC_WEAK = YES;
				CLANG_WARN_BLOCK_CAPTURE_AUTORELEASING = YES;
				CLANG_WARN_BOOL_CONVERSION = YES;
				CLANG_WARN_COMMA = YES;
				CLANG_WARN_CONSTANT_CONVERSION = YES;
				CLANG_WARN_DEPRECATED_OBJC_IMPLEMENTATIONS = YES;
				CLANG_WARN_DIRECT_OBJC_ISA_USAGE = YES_ERROR;
				CLANG_WARN_DOCUMENTATION_COMMENTS = YES;
				CLANG_WARN_EMPTY_BODY = YES;
				CLANG_WARN_ENUM_CONVERSION = YES;
				CLANG_WARN_INFINITE_RECURSION = YES;
				CLANG_WARN_INT_CONVERSION = YES;
				CLANG_WARN_NON_LITERAL_NULL_CONVERSION = YES;
				CLANG_WARN_OBJC_IMPLICIT_RETAIN_SELF = YES;
				CLANG_WARN_OBJC_LITERAL_CONVERSION = YES;
				CLANG_WARN_OBJC_ROOT_CLASS = YES_ERROR;
				CLANG_WARN_QUOTED_INCLUDE_IN_FRAMEWORK_HEADER = YES;
				CLANG_WARN_RANGE_LOOP_ANALYSIS = YES;
				CLANG_WARN_STRICT_PROTOTYPES = YES;
				CLANG_WARN_SUSPICIOUS_MOVE = YES;
				CLANG_WARN_UNGUARDED_AVAILABILITY = YES_AGGRESSIVE;
				CLANG_WARN_UNREACHABLE_CODE = YES;
				CLANG_WARN__DUPLICATE_METHOD_MATCH = YES;
				COPY_PHASE_STRIP = NO;
				DEBUG_INFORMATION_FORMAT = "dwarf-with-dsym";
				ENABLE_NS_ASSERTIONS = NO;
				ENABLE_STRICT_OBJC_MSGSEND = YES;
				GCC_C_LANGUAGE_STANDARD = gnu11;
				GCC_NO_COMMON_BLOCKS = YES;
				GCC_WARN_64_TO_32_BIT_CONVERSION = YES;
				GCC_WARN_ABOUT_RETURN_TYPE = YES_ERROR;
				GCC_WARN_UNDECLARED_SELECTOR = YES;
				GCC_WARN_UNINITIALIZED_AUTOS = YES_AGGRESSIVE;
				GCC_WARN_UNUSED_FUNCTION = YES;
				GCC_WARN_UNUSED_VARIABLE = YES;
				MACOSX_DEPLOYMENT_TARGET = 11.1;
				MTL_ENABLE_DEBUG_INFO = NO;
				MTL_FAST_MATH = YES;
				SDKROOT = macosx;
			};
			name = Release;
		};
		77676EBC2680D50500AEF652 /* Debug */ = {
			isa = XCBuildConfiguration;
			buildSettings = {
				CODE_SIGN_STYLE = Automatic;
				PRODUCT_NAME = "$(TARGET_NAME)";
			};
			name = Debug;
		};
		77676EBD2680D50500AEF652 /* Release */ = {
			isa = XCBuildConfiguration;
			buildSettings = {
				CODE_SIGN_STYLE = Automatic;
				PRODUCT_NAME = "$(TARGET_NAME)";
			};
			name = Release;
		};
/* End XCBuildConfiguration section */

/* Begin XCConfigurationList section */
		77676EAF2680D50500AEF652 /* Build configuration list for PBXProject "Module5-9" */ = {
			isa = XCConfigurationList;
			buildConfigurations = (
				77676EB92680D50500AEF652 /* Debug */,
				77676EBA2680D50500AEF652 /* Release */,
			);
			defaultConfigurationIsVisible = 0;
			defaultConfigurationName = Release;
		};
		77676EBB2680D50500AEF652 /* Build configuration list for PBXNativeTarget "Module5-9" */ = {
			isa = XCConfigurationList;
			buildConfigurations = (
				77676EBC2680D50500AEF652 /* Debug */,
				77676EBD2680D50500AEF652 /* Release */,
			);
			defaultConfigurationIsVisible = 0;
			defaultConfigurationName = Release;
		};
/* End XCConfigurationList section */
	};
	rootObject = 77676EAC2680D50500AEF652 /* Project object */;
}
